{
  "nodes": {
    "nixpkgs": {
      "locked": {
        "lastModified": 1689482157,
        "narHash": "sha256-7DmkMNaWoHqIUT6O1HCUyVJSvhhRT5kIClKKSE9hiMU=",
        "owner": "NixOS",
        "repo": "nixpkgs",
        "rev": "a35621603c2d8417ca3f371f0e3bcc66a58f2aad",
        "type": "github"
      },
      "original": {
        "owner": "NixOS",
        "ref": "master",
        "repo": "nixpkgs",
        "type": "github"
      }
    },
    "root": {
      "inputs": {
        "nixpkgs": "nixpkgs"
      }
    }
  },
  "root": "root",
  "version": 7
}
